
Microsoft Visual Studio Solution File, Format Version 12.00
# Visual Studio Version 17
VisualStudioVersion = 17.5.33530.505
MinimumVisualStudioVersion = 10.0.40219.1
Project("{FAE04EC0-301F-11D3-BF4B-00C04F79EFBC}") = "Crud2", "Crud2.csproj", "{DAB0C176-ABA9-4F2F-AB95-FF5E40D05852}"
EndProject
Global
	GlobalSection(SolutionConfigurationPlatforms) = preSolution
		Debug|Any CPU = Debug|Any CPU
		Release|Any CPU = Release|Any CPU
	EndGlobalSection
	GlobalSection(ProjectConfigurationPlatforms) = postSolution
		{DAB0C176-ABA9-4F2F-AB95-FF5E40D05852}.Debug|Any CPU.ActiveCfg = Debug|Any CPU
		{DAB0C176-ABA9-4F2F-AB95-FF5E40D05852}.Debug|Any CPU.Build.0 = Debug|Any CPU
		{DAB0C176-ABA9-4F2F-AB95-FF5E40D05852}.Release|Any CPU.ActiveCfg = Release|Any CPU
		{DAB0C176-ABA9-4F2F-AB95-FF5E40D05852}.Release|Any CPU.Build.0 = Release|Any CPU
	EndGlobalSection
	GlobalSection(SolutionProperties) = preSolution
		HideSolutionNode = FALSE
	EndGlobalSection
	GlobalSection(ExtensibilityGlobals) = postSolution
		SolutionGuid = {0AC4E407-A107-4A28-8B49-9D4A13BF7A93}
	EndGlobalSection
EndGlobal
